
Microsoft Visual Studio Solution File, Format Version 12.00
# Visual Studio Version 17
VisualStudioVersion = 17.0.31903.59
MinimumVisualStudioVersion = 10.0.40219.1
Project("{FAE04EC0-301F-11D3-BF4B-00C04F79EFBC}") = "FinalProject_A3850", "FinalProject_A3850\FinalProject_A3850.csproj", "{0D7DF5B2-1886-4C4C-8214-CA438BDA323C}"
EndProject
Project("{FAE04EC0-301F-11D3-BF4B-00C04F79EFBC}") = "FinalProject_A3850-DAL", "FinalProject_A3850-DAL\FinalProject_A3850-DAL.csproj", "{34AA3143-3E11-4BAB-A14A-AB32089D3C71}"
EndProject
Global
	GlobalSection(SolutionConfigurationPlatforms) = preSolution
		Debug|Any CPU = Debug|Any CPU
		Release|Any CPU = Release|Any CPU
	EndGlobalSection
	GlobalSection(SolutionProperties) = preSolution
		HideSolutionNode = FALSE
	EndGlobalSection
	GlobalSection(ProjectConfigurationPlatforms) = postSolution
		{0D7DF5B2-1886-4C4C-8214-CA438BDA323C}.Debug|Any CPU.ActiveCfg = Debug|Any CPU
		{0D7DF5B2-1886-4C4C-8214-CA438BDA323C}.Debug|Any CPU.Build.0 = Debug|Any CPU
		{0D7DF5B2-1886-4C4C-8214-CA438BDA323C}.Release|Any CPU.ActiveCfg = Release|Any CPU
		{0D7DF5B2-1886-4C4C-8214-CA438BDA323C}.Release|Any CPU.Build.0 = Release|Any CPU
		{34AA3143-3E11-4BAB-A14A-AB32089D3C71}.Debug|Any CPU.ActiveCfg = Debug|Any CPU
		{34AA3143-3E11-4BAB-A14A-AB32089D3C71}.Debug|Any CPU.Build.0 = Debug|Any CPU
		{34AA3143-3E11-4BAB-A14A-AB32089D3C71}.Release|Any CPU.ActiveCfg = Release|Any CPU
		{34AA3143-3E11-4BAB-A14A-AB32089D3C71}.Release|Any CPU.Build.0 = Release|Any CPU
	EndGlobalSection
EndGlobal
